
Microsoft Visual Studio Solution File, Format Version 12.00
# Visual Studio Version 17
VisualStudioVersion = 17.1.32328.378
MinimumVisualStudioVersion = 10.0.40219.1
Project("{9A19103F-16F7-4668-BE54-9A1E7A4F7556}") = "KärraGamesCorner", "KärraGamesCorner\KärraGamesCorner.csproj", "{382F5524-343E-4D3C-A71F-96494591D949}"
EndProject
Global
	GlobalSection(SolutionConfigurationPlatforms) = preSolution
		Debug|Any CPU = Debug|Any CPU
		Release|Any CPU = Release|Any CPU
	EndGlobalSection
	GlobalSection(ProjectConfigurationPlatforms) = postSolution
		{382F5524-343E-4D3C-A71F-96494591D949}.Debug|Any CPU.ActiveCfg = Debug|Any CPU
		{382F5524-343E-4D3C-A71F-96494591D949}.Debug|Any CPU.Build.0 = Debug|Any CPU
		{382F5524-343E-4D3C-A71F-96494591D949}.Release|Any CPU.ActiveCfg = Release|Any CPU
		{382F5524-343E-4D3C-A71F-96494591D949}.Release|Any CPU.Build.0 = Release|Any CPU
	EndGlobalSection
	GlobalSection(SolutionProperties) = preSolution
		HideSolutionNode = FALSE
	EndGlobalSection
	GlobalSection(ExtensibilityGlobals) = postSolution
		SolutionGuid = {7CFC6651-F840-4A5C-BF45-EC8A354070BA}
	EndGlobalSection
EndGlobal
